
Microsoft Visual Studio Solution File, Format Version 12.00
# Visual Studio Version 17
VisualStudioVersion = 17.10.35013.160
MinimumVisualStudioVersion = 10.0.40219.1
Project("{2150E333-8FDC-42A3-9474-1A3956D46DE8}") = "src", "src", "{84958112-0A49-47C1-81ED-DD050306C4CD}"
EndProject
Project("{2150E333-8FDC-42A3-9474-1A3956D46DE8}") = "core", "core", "{540EFA34-863B-41B6-942E-2C27A2E760BC}"
EndProject
Project("{2150E333-8FDC-42A3-9474-1A3956D46DE8}") = "project", "project", "{7ACA986F-BA5D-44D0-B167-A1EF38CD306A}"
EndProject
Project("{9A19103F-16F7-4668-BE54-9A1E7A4F7556}") = "SupplyChainManagement.Domain", "SupplyChainManagement.Domain\SupplyChainManagement.Domain.csproj", "{30466B54-7D19-486B-80F9-E1BC25E46CD5}"
EndProject
Project("{9A19103F-16F7-4668-BE54-9A1E7A4F7556}") = "SupplyChainManagement.Application", "SupplyChainManagement.Application\SupplyChainManagement.Application.csproj", "{606B3AAC-E556-4685-B931-5A8BFC535526}"
EndProject
Project("{9A19103F-16F7-4668-BE54-9A1E7A4F7556}") = "SupplyChainManagement.Persistence", "SupplyChainManagement.Persistence\SupplyChainManagement.Persistence.csproj", "{5DC4EA1F-D51C-4ABA-BF77-F650ABAC7D85}"
EndProject
Project("{9A19103F-16F7-4668-BE54-9A1E7A4F7556}") = "SupplyChainManagement.Presentation", "SupplyChainManagement.Presentation\SupplyChainManagement.Presentation.csproj", "{49C0135F-7B09-45CC-A62D-8F67F4ACE586}"
EndProject
Project("{E53339B2-1760-4266-BCC7-CA923CBCF16C}") = "docker-compose", "docker-compose.dcproj", "{3494FA8F-4AE6-4935-A02D-5E371FC08B0A}"
EndProject
Project("{FAE04EC0-301F-11D3-BF4B-00C04F79EFBC}") = "Core.SharedLib", "Core.SharedLib\Core.SharedLib.csproj", "{E98DFE15-E8C6-41DA-82E0-5A873494F319}"
EndProject
Global
	GlobalSection(SolutionConfigurationPlatforms) = preSolution
		Debug|Any CPU = Debug|Any CPU
		Release|Any CPU = Release|Any CPU
	EndGlobalSection
	GlobalSection(ProjectConfigurationPlatforms) = postSolution
		{30466B54-7D19-486B-80F9-E1BC25E46CD5}.Debug|Any CPU.ActiveCfg = Debug|Any CPU
		{30466B54-7D19-486B-80F9-E1BC25E46CD5}.Debug|Any CPU.Build.0 = Debug|Any CPU
		{30466B54-7D19-486B-80F9-E1BC25E46CD5}.Release|Any CPU.ActiveCfg = Release|Any CPU
		{30466B54-7D19-486B-80F9-E1BC25E46CD5}.Release|Any CPU.Build.0 = Release|Any CPU
		{606B3AAC-E556-4685-B931-5A8BFC535526}.Debug|Any CPU.ActiveCfg = Debug|Any CPU
		{606B3AAC-E556-4685-B931-5A8BFC535526}.Debug|Any CPU.Build.0 = Debug|Any CPU
		{606B3AAC-E556-4685-B931-5A8BFC535526}.Release|Any CPU.ActiveCfg = Release|Any CPU
		{606B3AAC-E556-4685-B931-5A8BFC535526}.Release|Any CPU.Build.0 = Release|Any CPU
		{5DC4EA1F-D51C-4ABA-BF77-F650ABAC7D85}.Debug|Any CPU.ActiveCfg = Debug|Any CPU
		{5DC4EA1F-D51C-4ABA-BF77-F650ABAC7D85}.Debug|Any CPU.Build.0 = Debug|Any CPU
		{5DC4EA1F-D51C-4ABA-BF77-F650ABAC7D85}.Release|Any CPU.ActiveCfg = Release|Any CPU
		{5DC4EA1F-D51C-4ABA-BF77-F650ABAC7D85}.Release|Any CPU.Build.0 = Release|Any CPU
		{49C0135F-7B09-45CC-A62D-8F67F4ACE586}.Debug|Any CPU.ActiveCfg = Debug|Any CPU
		{49C0135F-7B09-45CC-A62D-8F67F4ACE586}.Debug|Any CPU.Build.0 = Debug|Any CPU
		{49C0135F-7B09-45CC-A62D-8F67F4ACE586}.Release|Any CPU.ActiveCfg = Release|Any CPU
		{49C0135F-7B09-45CC-A62D-8F67F4ACE586}.Release|Any CPU.Build.0 = Release|Any CPU
		{3494FA8F-4AE6-4935-A02D-5E371FC08B0A}.Debug|Any CPU.ActiveCfg = Debug|Any CPU
		{3494FA8F-4AE6-4935-A02D-5E371FC08B0A}.Debug|Any CPU.Build.0 = Debug|Any CPU
		{3494FA8F-4AE6-4935-A02D-5E371FC08B0A}.Release|Any CPU.ActiveCfg = Release|Any CPU
		{3494FA8F-4AE6-4935-A02D-5E371FC08B0A}.Release|Any CPU.Build.0 = Release|Any CPU
		{E98DFE15-E8C6-41DA-82E0-5A873494F319}.Debug|Any CPU.ActiveCfg = Debug|Any CPU
		{E98DFE15-E8C6-41DA-82E0-5A873494F319}.Debug|Any CPU.Build.0 = Debug|Any CPU
		{E98DFE15-E8C6-41DA-82E0-5A873494F319}.Release|Any CPU.ActiveCfg = Release|Any CPU
		{E98DFE15-E8C6-41DA-82E0-5A873494F319}.Release|Any CPU.Build.0 = Release|Any CPU
	EndGlobalSection
	GlobalSection(SolutionProperties) = preSolution
		HideSolutionNode = FALSE
	EndGlobalSection
	GlobalSection(NestedProjects) = preSolution
		{540EFA34-863B-41B6-942E-2C27A2E760BC} = {84958112-0A49-47C1-81ED-DD050306C4CD}
		{7ACA986F-BA5D-44D0-B167-A1EF38CD306A} = {84958112-0A49-47C1-81ED-DD050306C4CD}
		{30466B54-7D19-486B-80F9-E1BC25E46CD5} = {7ACA986F-BA5D-44D0-B167-A1EF38CD306A}
		{606B3AAC-E556-4685-B931-5A8BFC535526} = {7ACA986F-BA5D-44D0-B167-A1EF38CD306A}
		{5DC4EA1F-D51C-4ABA-BF77-F650ABAC7D85} = {7ACA986F-BA5D-44D0-B167-A1EF38CD306A}
		{49C0135F-7B09-45CC-A62D-8F67F4ACE586} = {7ACA986F-BA5D-44D0-B167-A1EF38CD306A}
		{E98DFE15-E8C6-41DA-82E0-5A873494F319} = {540EFA34-863B-41B6-942E-2C27A2E760BC}
	EndGlobalSection
	GlobalSection(ExtensibilityGlobals) = postSolution
		SolutionGuid = {5F45CB89-6B51-426F-A02E-0CDB61D6EF3B}
	EndGlobalSection
EndGlobal
